
Microsoft Visual Studio Solution File, Format Version 12.00
# Visual Studio Version 16
VisualStudioVersion = 16.0.29806.167
MinimumVisualStudioVersion = 10.0.40219.1
Project("{FAE04EC0-301F-11D3-BF4B-00C04F79EFBC}") = "DrugAndDrop", "DrugAndDrop\DrugAndDrop.csproj", "{F7B62C2B-8721-418B-BDE5-273D12F478CA}"
EndProject
Project("{FAE04EC0-301F-11D3-BF4B-00C04F79EFBC}") = "DrugAndDrop2", "DrugAndDrop2\DrugAndDrop2.csproj", "{16839AED-3B72-47BA-96B3-B329D7B41155}"
EndProject
Global
	GlobalSection(SolutionConfigurationPlatforms) = preSolution
		Debug|Any CPU = Debug|Any CPU
		Release|Any CPU = Release|Any CPU
	EndGlobalSection
	GlobalSection(ProjectConfigurationPlatforms) = postSolution
		{F7B62C2B-8721-418B-BDE5-273D12F478CA}.Debug|Any CPU.ActiveCfg = Debug|Any CPU
		{F7B62C2B-8721-418B-BDE5-273D12F478CA}.Debug|Any CPU.Build.0 = Debug|Any CPU
		{F7B62C2B-8721-418B-BDE5-273D12F478CA}.Release|Any CPU.ActiveCfg = Release|Any CPU
		{F7B62C2B-8721-418B-BDE5-273D12F478CA}.Release|Any CPU.Build.0 = Release|Any CPU
		{16839AED-3B72-47BA-96B3-B329D7B41155}.Debug|Any CPU.ActiveCfg = Debug|Any CPU
		{16839AED-3B72-47BA-96B3-B329D7B41155}.Debug|Any CPU.Build.0 = Debug|Any CPU
		{16839AED-3B72-47BA-96B3-B329D7B41155}.Release|Any CPU.ActiveCfg = Release|Any CPU
		{16839AED-3B72-47BA-96B3-B329D7B41155}.Release|Any CPU.Build.0 = Release|Any CPU
	EndGlobalSection
	GlobalSection(SolutionProperties) = preSolution
		HideSolutionNode = FALSE
	EndGlobalSection
	GlobalSection(ExtensibilityGlobals) = postSolution
		SolutionGuid = {728399D2-2B3E-4D19-B29C-94CBB74603B5}
	EndGlobalSection
EndGlobal
